
Microsoft Visual Studio Solution File, Format Version 12.00
# Visual Studio Version 16
VisualStudioVersion = 16.0.28803.156
MinimumVisualStudioVersion = 10.0.40219.1
Project("{FAE04EC0-301F-11D3-BF4B-00C04F79EFBC}") = "ExcelProcessor", "WebApplication1\ExcelProcessor.csproj", "{9855A111-CBAA-447D-A7AE-1B38AD316C9D}"
EndProject
Project("{FAE04EC0-301F-11D3-BF4B-00C04F79EFBC}") = "ExcelConsole", "ExcelConsole\ExcelConsole.csproj", "{DE854CAC-5769-4827-8AB3-094FBA3F80C8}"
EndProject
Global
	GlobalSection(SolutionConfigurationPlatforms) = preSolution
		Debug|Any CPU = Debug|Any CPU
		Release|Any CPU = Release|Any CPU
	EndGlobalSection
	GlobalSection(ProjectConfigurationPlatforms) = postSolution
		{9855A111-CBAA-447D-A7AE-1B38AD316C9D}.Debug|Any CPU.ActiveCfg = Debug|Any CPU
		{9855A111-CBAA-447D-A7AE-1B38AD316C9D}.Debug|Any CPU.Build.0 = Debug|Any CPU
		{9855A111-CBAA-447D-A7AE-1B38AD316C9D}.Release|Any CPU.ActiveCfg = Release|Any CPU
		{9855A111-CBAA-447D-A7AE-1B38AD316C9D}.Release|Any CPU.Build.0 = Release|Any CPU
		{DE854CAC-5769-4827-8AB3-094FBA3F80C8}.Debug|Any CPU.ActiveCfg = Debug|Any CPU
		{DE854CAC-5769-4827-8AB3-094FBA3F80C8}.Debug|Any CPU.Build.0 = Debug|Any CPU
		{DE854CAC-5769-4827-8AB3-094FBA3F80C8}.Release|Any CPU.ActiveCfg = Release|Any CPU
		{DE854CAC-5769-4827-8AB3-094FBA3F80C8}.Release|Any CPU.Build.0 = Release|Any CPU
	EndGlobalSection
	GlobalSection(SolutionProperties) = preSolution
		HideSolutionNode = FALSE
	EndGlobalSection
	GlobalSection(ExtensibilityGlobals) = postSolution
		SolutionGuid = {682F7B29-3EAE-48C6-9E38-59995EA31605}
	EndGlobalSection
EndGlobal
